
Microsoft Visual Studio Solution File, Format Version 12.00
# Visual Studio Version 17
VisualStudioVersion = 17.7.34024.191
MinimumVisualStudioVersion = 10.0.40219.1
Project("{2150E333-8FDC-42A3-9474-1A3956D46DE8}") = "Services", "Services", "{CDE3C8C7-28E6-4F1F-AB85-63DB1A4022E5}"
EndProject
Project("{2150E333-8FDC-42A3-9474-1A3956D46DE8}") = "Cores", "Cores", "{1B9B62C4-5BEA-407A-A3EC-37AE786FD194}"
EndProject
Project("{9A19103F-16F7-4668-BE54-9A1E7A4F7556}") = "API.Core", "Core\API.Core\API.Core.csproj", "{6F1E2991-1F0B-40C1-97E5-F30339F8C756}"
EndProject
Project("{9A19103F-16F7-4668-BE54-9A1E7A4F7556}") = "Core", "Core\Core\Core.csproj", "{CB326574-78C3-4650-9657-F32801D6F5DB}"
EndProject
Project("{9A19103F-16F7-4668-BE54-9A1E7A4F7556}") = "DAL.Core", "Core\DAL.Core\DAL.Core.csproj", "{0CAAE636-24F4-4E58-B77D-A585AC550FC4}"
EndProject
Project("{9A19103F-16F7-4668-BE54-9A1E7A4F7556}") = "Manager.Core", "Core\Manager.Core\Manager.Core.csproj", "{F25D3C89-2423-48AF-A12F-6F25129D0B27}"
EndProject
Project("{2150E333-8FDC-42A3-9474-1A3956D46DE8}") = "Security", "Security", "{04B3C052-4C37-46E8-BA6A-BEEC926669C3}"
EndProject
Project("{9A19103F-16F7-4668-BE54-9A1E7A4F7556}") = "Security.API", "Services\Security\Security.API\Security.API.csproj", "{D2AE8F56-2070-47BB-B0E6-6F879ED71087}"
EndProject
Project("{9A19103F-16F7-4668-BE54-9A1E7A4F7556}") = "Security.DAL", "Services\Security\Security.DAL\Security.DAL.csproj", "{FB15E8A5-C0E9-4995-8B4A-656B866C3B51}"
EndProject
Project("{9A19103F-16F7-4668-BE54-9A1E7A4F7556}") = "Security.Manager", "Services\Security\Security.Manager\Security.Manager.csproj", "{F50610F5-AC30-4130-BC11-3C3B3A2861AD}"
EndProject
Project("{2150E333-8FDC-42A3-9474-1A3956D46DE8}") = "Gateways", "Gateways", "{BDBEE3E0-CF3B-4A17-833F-E499F8F6DC32}"
EndProject
Project("{9A19103F-16F7-4668-BE54-9A1E7A4F7556}") = "APIGateway", "Gateways\APIGateway\APIGateway.csproj", "{FE5825FE-2C44-46EC-BA68-001242D869A7}"
EndProject
Project("{2150E333-8FDC-42A3-9474-1A3956D46DE8}") = "HRMS", "HRMS", "{66E5CC07-0CE0-4B98-8A9C-F5127F738BCF}"
EndProject
Project("{9A19103F-16F7-4668-BE54-9A1E7A4F7556}") = "HRMS.API", "Services\HRMS\HRMS.API\HRMS.API.csproj", "{1682415B-81BA-4E0F-9B04-1301C30AA20A}"
EndProject
Project("{9A19103F-16F7-4668-BE54-9A1E7A4F7556}") = "HRMS.DAL", "Services\HRMS\HRMS.DAL\HRMS.DAL.csproj", "{DF057AAC-4901-4214-BB43-119A0E414620}"
EndProject
Project("{9A19103F-16F7-4668-BE54-9A1E7A4F7556}") = "HRMS.Manager", "Services\HRMS\HRMS.Manager\HRMS.Manager.csproj", "{A3EA1296-0333-4718-9455-B68E789517DB}"
EndProject
Project("{2150E333-8FDC-42A3-9474-1A3956D46DE8}") = "Apporval", "Apporval", "{F6607A9E-3E27-44CF-8B30-804B900F6D03}"
EndProject
Project("{9A19103F-16F7-4668-BE54-9A1E7A4F7556}") = "Approval.API", "Services\Approval\Approval.API\Approval.API.csproj", "{901336E0-BE7F-433C-B84A-23C8AD81015E}"
EndProject
Project("{9A19103F-16F7-4668-BE54-9A1E7A4F7556}") = "Approval.DAL", "Services\Approval\Approval.DAL\Approval.DAL.csproj", "{0FFD1C65-5E52-49FD-AD83-D4D0D8267A82}"
EndProject
Project("{9A19103F-16F7-4668-BE54-9A1E7A4F7556}") = "Approval.Manager", "Services\Approval\Approval.Manager\Approval.Manager.csproj", "{11D36C3C-9D3B-4B86-A8F3-B422193B63A3}"
EndProject
Project("{2150E333-8FDC-42A3-9474-1A3956D46DE8}") = "SCM", "SCM", "{46F8E34B-3413-4AC3-B7C3-48829B3BD063}"
EndProject
Project("{9A19103F-16F7-4668-BE54-9A1E7A4F7556}") = "SCM.API", "Services\SCM\SCM.API\SCM.API.csproj", "{7C561DB6-0FC7-472F-B059-114DF6DA898C}"
EndProject
Project("{9A19103F-16F7-4668-BE54-9A1E7A4F7556}") = "SCM.DAL", "Services\SCM\SCM.DAL\SCM.DAL.csproj", "{1A641B10-1167-4B18-8B3F-8693AC79C964}"
EndProject
Project("{9A19103F-16F7-4668-BE54-9A1E7A4F7556}") = "SCM.Manager", "Services\SCM\SCM.Manager\SCM.Manager.csproj", "{AF70BF04-1A5A-4CB3-B3D6-80E70CB2CA6A}"
EndProject
Project("{2150E333-8FDC-42A3-9474-1A3956D46DE8}") = "Accounts", "Accounts", "{05985B75-36FC-4459-B8F9-AA754CE61AC1}"
EndProject
Project("{9A19103F-16F7-4668-BE54-9A1E7A4F7556}") = "Accounts.API", "Services\Accounts\Accounts.API\Accounts.API.csproj", "{24904232-1E16-46C9-97CE-371F97F95519}"
EndProject
Project("{9A19103F-16F7-4668-BE54-9A1E7A4F7556}") = "Accounts.DAL", "Services\Accounts\Accounts.DAL\Accounts.DAL.csproj", "{EA67670D-6170-422D-AD43-D11F1A0C2AB3}"
EndProject
Project("{9A19103F-16F7-4668-BE54-9A1E7A4F7556}") = "Accounts.Manager", "Services\Accounts\Accounts.Manager\Accounts.Manager.csproj", "{A236EC4D-E150-4A54-BB20-A0BE8069061A}"
EndProject
Project("{2150E333-8FDC-42A3-9474-1A3956D46DE8}") = "Mail", "Mail", "{9001BC6E-20AD-4A65-9317-7A3ADBE192A5}"
EndProject
Project("{9A19103F-16F7-4668-BE54-9A1E7A4F7556}") = "Mail.API", "Services\Mail\Mail.API\Mail.API.csproj", "{A19EFE68-F1F2-4DBF-A267-B14144CA86A0}"
EndProject
Project("{9A19103F-16F7-4668-BE54-9A1E7A4F7556}") = "Mail.DAL", "Services\Mail\Mail.DAL\Mail.DAL.csproj", "{CA6B29E2-C829-42D7-AB4C-B42F2801104D}"
EndProject
Project("{9A19103F-16F7-4668-BE54-9A1E7A4F7556}") = "Mail.Manager", "Services\Mail\Mail.Manager\Mail.Manager.csproj", "{C13A7FC9-0B10-4989-996C-5E98355AAF56}"
EndProject
Project("{2150E333-8FDC-42A3-9474-1A3956D46DE8}") = "External", "External", "{E1632D77-8FF3-46AC-B57F-DB472B2F3D4F}"
EndProject
Project("{9A19103F-16F7-4668-BE54-9A1E7A4F7556}") = "External.API", "Services\External\External.API\External.API.csproj", "{123D7E98-3485-4113-B43D-9B6FF4797FDA}"
EndProject
Project("{2150E333-8FDC-42A3-9474-1A3956D46DE8}") = "Worker", "Worker", "{75241BB5-36FA-420E-BC58-5E90BEA2F321}"
EndProject
Project("{9A19103F-16F7-4668-BE54-9A1E7A4F7556}") = "WorkerService", "Services\Worker\WorkerService\WorkerService.csproj", "{863DC3F5-45FD-4FF3-997D-33DCEDF15178}"
EndProject
Global
	GlobalSection(SolutionConfigurationPlatforms) = preSolution
		Debug|Any CPU = Debug|Any CPU
		Release|Any CPU = Release|Any CPU
	EndGlobalSection
	GlobalSection(ProjectConfigurationPlatforms) = postSolution
		{6F1E2991-1F0B-40C1-97E5-F30339F8C756}.Debug|Any CPU.ActiveCfg = Debug|Any CPU
		{6F1E2991-1F0B-40C1-97E5-F30339F8C756}.Debug|Any CPU.Build.0 = Debug|Any CPU
		{6F1E2991-1F0B-40C1-97E5-F30339F8C756}.Release|Any CPU.ActiveCfg = Release|Any CPU
		{6F1E2991-1F0B-40C1-97E5-F30339F8C756}.Release|Any CPU.Build.0 = Release|Any CPU
		{CB326574-78C3-4650-9657-F32801D6F5DB}.Debug|Any CPU.ActiveCfg = Debug|Any CPU
		{CB326574-78C3-4650-9657-F32801D6F5DB}.Debug|Any CPU.Build.0 = Debug|Any CPU
		{CB326574-78C3-4650-9657-F32801D6F5DB}.Release|Any CPU.ActiveCfg = Release|Any CPU
		{CB326574-78C3-4650-9657-F32801D6F5DB}.Release|Any CPU.Build.0 = Release|Any CPU
		{0CAAE636-24F4-4E58-B77D-A585AC550FC4}.Debug|Any CPU.ActiveCfg = Debug|Any CPU
		{0CAAE636-24F4-4E58-B77D-A585AC550FC4}.Debug|Any CPU.Build.0 = Debug|Any CPU
		{0CAAE636-24F4-4E58-B77D-A585AC550FC4}.Release|Any CPU.ActiveCfg = Release|Any CPU
		{0CAAE636-24F4-4E58-B77D-A585AC550FC4}.Release|Any CPU.Build.0 = Release|Any CPU
		{F25D3C89-2423-48AF-A12F-6F25129D0B27}.Debug|Any CPU.ActiveCfg = Debug|Any CPU
		{F25D3C89-2423-48AF-A12F-6F25129D0B27}.Debug|Any CPU.Build.0 = Debug|Any CPU
		{F25D3C89-2423-48AF-A12F-6F25129D0B27}.Release|Any CPU.ActiveCfg = Release|Any CPU
		{F25D3C89-2423-48AF-A12F-6F25129D0B27}.Release|Any CPU.Build.0 = Release|Any CPU
		{D2AE8F56-2070-47BB-B0E6-6F879ED71087}.Debug|Any CPU.ActiveCfg = Debug|Any CPU
		{D2AE8F56-2070-47BB-B0E6-6F879ED71087}.Debug|Any CPU.Build.0 = Debug|Any CPU
		{D2AE8F56-2070-47BB-B0E6-6F879ED71087}.Release|Any CPU.ActiveCfg = Release|Any CPU
		{D2AE8F56-2070-47BB-B0E6-6F879ED71087}.Release|Any CPU.Build.0 = Release|Any CPU
		{FB15E8A5-C0E9-4995-8B4A-656B866C3B51}.Debug|Any CPU.ActiveCfg = Debug|Any CPU
		{FB15E8A5-C0E9-4995-8B4A-656B866C3B51}.Debug|Any CPU.Build.0 = Debug|Any CPU
		{FB15E8A5-C0E9-4995-8B4A-656B866C3B51}.Release|Any CPU.ActiveCfg = Release|Any CPU
		{FB15E8A5-C0E9-4995-8B4A-656B866C3B51}.Release|Any CPU.Build.0 = Release|Any CPU
		{F50610F5-AC30-4130-BC11-3C3B3A2861AD}.Debug|Any CPU.ActiveCfg = Debug|Any CPU
		{F50610F5-AC30-4130-BC11-3C3B3A2861AD}.Debug|Any CPU.Build.0 = Debug|Any CPU
		{F50610F5-AC30-4130-BC11-3C3B3A2861AD}.Release|Any CPU.ActiveCfg = Release|Any CPU
		{F50610F5-AC30-4130-BC11-3C3B3A2861AD}.Release|Any CPU.Build.0 = Release|Any CPU
		{FE5825FE-2C44-46EC-BA68-001242D869A7}.Debug|Any CPU.ActiveCfg = Debug|Any CPU
		{FE5825FE-2C44-46EC-BA68-001242D869A7}.Debug|Any CPU.Build.0 = Debug|Any CPU
		{FE5825FE-2C44-46EC-BA68-001242D869A7}.Release|Any CPU.ActiveCfg = Release|Any CPU
		{FE5825FE-2C44-46EC-BA68-001242D869A7}.Release|Any CPU.Build.0 = Release|Any CPU
		{1682415B-81BA-4E0F-9B04-1301C30AA20A}.Debug|Any CPU.ActiveCfg = Debug|Any CPU
		{1682415B-81BA-4E0F-9B04-1301C30AA20A}.Debug|Any CPU.Build.0 = Debug|Any CPU
		{1682415B-81BA-4E0F-9B04-1301C30AA20A}.Release|Any CPU.ActiveCfg = Release|Any CPU
		{1682415B-81BA-4E0F-9B04-1301C30AA20A}.Release|Any CPU.Build.0 = Release|Any CPU
		{DF057AAC-4901-4214-BB43-119A0E414620}.Debug|Any CPU.ActiveCfg = Debug|Any CPU
		{DF057AAC-4901-4214-BB43-119A0E414620}.Debug|Any CPU.Build.0 = Debug|Any CPU
		{DF057AAC-4901-4214-BB43-119A0E414620}.Release|Any CPU.ActiveCfg = Release|Any CPU
		{DF057AAC-4901-4214-BB43-119A0E414620}.Release|Any CPU.Build.0 = Release|Any CPU
		{A3EA1296-0333-4718-9455-B68E789517DB}.Debug|Any CPU.ActiveCfg = Debug|Any CPU
		{A3EA1296-0333-4718-9455-B68E789517DB}.Debug|Any CPU.Build.0 = Debug|Any CPU
		{A3EA1296-0333-4718-9455-B68E789517DB}.Release|Any CPU.ActiveCfg = Release|Any CPU
		{A3EA1296-0333-4718-9455-B68E789517DB}.Release|Any CPU.Build.0 = Release|Any CPU
		{901336E0-BE7F-433C-B84A-23C8AD81015E}.Debug|Any CPU.ActiveCfg = Debug|Any CPU
		{901336E0-BE7F-433C-B84A-23C8AD81015E}.Debug|Any CPU.Build.0 = Debug|Any CPU
		{901336E0-BE7F-433C-B84A-23C8AD81015E}.Release|Any CPU.ActiveCfg = Release|Any CPU
		{901336E0-BE7F-433C-B84A-23C8AD81015E}.Release|Any CPU.Build.0 = Release|Any CPU
		{0FFD1C65-5E52-49FD-AD83-D4D0D8267A82}.Debug|Any CPU.ActiveCfg = Debug|Any CPU
		{0FFD1C65-5E52-49FD-AD83-D4D0D8267A82}.Debug|Any CPU.Build.0 = Debug|Any CPU
		{0FFD1C65-5E52-49FD-AD83-D4D0D8267A82}.Release|Any CPU.ActiveCfg = Release|Any CPU
		{0FFD1C65-5E52-49FD-AD83-D4D0D8267A82}.Release|Any CPU.Build.0 = Release|Any CPU
		{11D36C3C-9D3B-4B86-A8F3-B422193B63A3}.Debug|Any CPU.ActiveCfg = Debug|Any CPU
		{11D36C3C-9D3B-4B86-A8F3-B422193B63A3}.Debug|Any CPU.Build.0 = Debug|Any CPU
		{11D36C3C-9D3B-4B86-A8F3-B422193B63A3}.Release|Any CPU.ActiveCfg = Release|Any CPU
		{11D36C3C-9D3B-4B86-A8F3-B422193B63A3}.Release|Any CPU.Build.0 = Release|Any CPU
		{7C561DB6-0FC7-472F-B059-114DF6DA898C}.Debug|Any CPU.ActiveCfg = Debug|Any CPU
		{7C561DB6-0FC7-472F-B059-114DF6DA898C}.Debug|Any CPU.Build.0 = Debug|Any CPU
		{7C561DB6-0FC7-472F-B059-114DF6DA898C}.Release|Any CPU.ActiveCfg = Release|Any CPU
		{7C561DB6-0FC7-472F-B059-114DF6DA898C}.Release|Any CPU.Build.0 = Release|Any CPU
		{1A641B10-1167-4B18-8B3F-8693AC79C964}.Debug|Any CPU.ActiveCfg = Debug|Any CPU
		{1A641B10-1167-4B18-8B3F-8693AC79C964}.Debug|Any CPU.Build.0 = Debug|Any CPU
		{1A641B10-1167-4B18-8B3F-8693AC79C964}.Release|Any CPU.ActiveCfg = Release|Any CPU
		{1A641B10-1167-4B18-8B3F-8693AC79C964}.Release|Any CPU.Build.0 = Release|Any CPU
		{AF70BF04-1A5A-4CB3-B3D6-80E70CB2CA6A}.Debug|Any CPU.ActiveCfg = Debug|Any CPU
		{AF70BF04-1A5A-4CB3-B3D6-80E70CB2CA6A}.Debug|Any CPU.Build.0 = Debug|Any CPU
		{AF70BF04-1A5A-4CB3-B3D6-80E70CB2CA6A}.Release|Any CPU.ActiveCfg = Release|Any CPU
		{AF70BF04-1A5A-4CB3-B3D6-80E70CB2CA6A}.Release|Any CPU.Build.0 = Release|Any CPU
		{24904232-1E16-46C9-97CE-371F97F95519}.Debug|Any CPU.ActiveCfg = Debug|Any CPU
		{24904232-1E16-46C9-97CE-371F97F95519}.Debug|Any CPU.Build.0 = Debug|Any CPU
		{24904232-1E16-46C9-97CE-371F97F95519}.Release|Any CPU.ActiveCfg = Release|Any CPU
		{24904232-1E16-46C9-97CE-371F97F95519}.Release|Any CPU.Build.0 = Release|Any CPU
		{EA67670D-6170-422D-AD43-D11F1A0C2AB3}.Debug|Any CPU.ActiveCfg = Debug|Any CPU
		{EA67670D-6170-422D-AD43-D11F1A0C2AB3}.Debug|Any CPU.Build.0 = Debug|Any CPU
		{EA67670D-6170-422D-AD43-D11F1A0C2AB3}.Release|Any CPU.ActiveCfg = Release|Any CPU
		{EA67670D-6170-422D-AD43-D11F1A0C2AB3}.Release|Any CPU.Build.0 = Release|Any CPU
		{A236EC4D-E150-4A54-BB20-A0BE8069061A}.Debug|Any CPU.ActiveCfg = Debug|Any CPU
		{A236EC4D-E150-4A54-BB20-A0BE8069061A}.Debug|Any CPU.Build.0 = Debug|Any CPU
		{A236EC4D-E150-4A54-BB20-A0BE8069061A}.Release|Any CPU.ActiveCfg = Release|Any CPU
		{A236EC4D-E150-4A54-BB20-A0BE8069061A}.Release|Any CPU.Build.0 = Release|Any CPU
		{A19EFE68-F1F2-4DBF-A267-B14144CA86A0}.Debug|Any CPU.ActiveCfg = Debug|Any CPU
		{A19EFE68-F1F2-4DBF-A267-B14144CA86A0}.Debug|Any CPU.Build.0 = Debug|Any CPU
		{A19EFE68-F1F2-4DBF-A267-B14144CA86A0}.Release|Any CPU.ActiveCfg = Release|Any CPU
		{A19EFE68-F1F2-4DBF-A267-B14144CA86A0}.Release|Any CPU.Build.0 = Release|Any CPU
		{CA6B29E2-C829-42D7-AB4C-B42F2801104D}.Debug|Any CPU.ActiveCfg = Debug|Any CPU
		{CA6B29E2-C829-42D7-AB4C-B42F2801104D}.Debug|Any CPU.Build.0 = Debug|Any CPU
		{CA6B29E2-C829-42D7-AB4C-B42F2801104D}.Release|Any CPU.ActiveCfg = Release|Any CPU
		{CA6B29E2-C829-42D7-AB4C-B42F2801104D}.Release|Any CPU.Build.0 = Release|Any CPU
		{C13A7FC9-0B10-4989-996C-5E98355AAF56}.Debug|Any CPU.ActiveCfg = Debug|Any CPU
		{C13A7FC9-0B10-4989-996C-5E98355AAF56}.Debug|Any CPU.Build.0 = Debug|Any CPU
		{C13A7FC9-0B10-4989-996C-5E98355AAF56}.Release|Any CPU.ActiveCfg = Release|Any CPU
		{C13A7FC9-0B10-4989-996C-5E98355AAF56}.Release|Any CPU.Build.0 = Release|Any CPU
		{123D7E98-3485-4113-B43D-9B6FF4797FDA}.Debug|Any CPU.ActiveCfg = Debug|Any CPU
		{123D7E98-3485-4113-B43D-9B6FF4797FDA}.Debug|Any CPU.Build.0 = Debug|Any CPU
		{123D7E98-3485-4113-B43D-9B6FF4797FDA}.Release|Any CPU.ActiveCfg = Release|Any CPU
		{123D7E98-3485-4113-B43D-9B6FF4797FDA}.Release|Any CPU.Build.0 = Release|Any CPU
		{863DC3F5-45FD-4FF3-997D-33DCEDF15178}.Debug|Any CPU.ActiveCfg = Debug|Any CPU
		{863DC3F5-45FD-4FF3-997D-33DCEDF15178}.Debug|Any CPU.Build.0 = Debug|Any CPU
		{863DC3F5-45FD-4FF3-997D-33DCEDF15178}.Release|Any CPU.ActiveCfg = Release|Any CPU
		{863DC3F5-45FD-4FF3-997D-33DCEDF15178}.Release|Any CPU.Build.0 = Release|Any CPU
	EndGlobalSection
	GlobalSection(SolutionProperties) = preSolution
		HideSolutionNode = FALSE
	EndGlobalSection
	GlobalSection(NestedProjects) = preSolution
		{6F1E2991-1F0B-40C1-97E5-F30339F8C756} = {1B9B62C4-5BEA-407A-A3EC-37AE786FD194}
		{CB326574-78C3-4650-9657-F32801D6F5DB} = {1B9B62C4-5BEA-407A-A3EC-37AE786FD194}
		{0CAAE636-24F4-4E58-B77D-A585AC550FC4} = {1B9B62C4-5BEA-407A-A3EC-37AE786FD194}
		{F25D3C89-2423-48AF-A12F-6F25129D0B27} = {1B9B62C4-5BEA-407A-A3EC-37AE786FD194}
		{04B3C052-4C37-46E8-BA6A-BEEC926669C3} = {CDE3C8C7-28E6-4F1F-AB85-63DB1A4022E5}
		{D2AE8F56-2070-47BB-B0E6-6F879ED71087} = {04B3C052-4C37-46E8-BA6A-BEEC926669C3}
		{FB15E8A5-C0E9-4995-8B4A-656B866C3B51} = {04B3C052-4C37-46E8-BA6A-BEEC926669C3}
		{F50610F5-AC30-4130-BC11-3C3B3A2861AD} = {04B3C052-4C37-46E8-BA6A-BEEC926669C3}
		{FE5825FE-2C44-46EC-BA68-001242D869A7} = {BDBEE3E0-CF3B-4A17-833F-E499F8F6DC32}
		{66E5CC07-0CE0-4B98-8A9C-F5127F738BCF} = {CDE3C8C7-28E6-4F1F-AB85-63DB1A4022E5}
		{1682415B-81BA-4E0F-9B04-1301C30AA20A} = {66E5CC07-0CE0-4B98-8A9C-F5127F738BCF}
		{DF057AAC-4901-4214-BB43-119A0E414620} = {66E5CC07-0CE0-4B98-8A9C-F5127F738BCF}
		{A3EA1296-0333-4718-9455-B68E789517DB} = {66E5CC07-0CE0-4B98-8A9C-F5127F738BCF}
		{F6607A9E-3E27-44CF-8B30-804B900F6D03} = {CDE3C8C7-28E6-4F1F-AB85-63DB1A4022E5}
		{901336E0-BE7F-433C-B84A-23C8AD81015E} = {F6607A9E-3E27-44CF-8B30-804B900F6D03}
		{0FFD1C65-5E52-49FD-AD83-D4D0D8267A82} = {F6607A9E-3E27-44CF-8B30-804B900F6D03}
		{11D36C3C-9D3B-4B86-A8F3-B422193B63A3} = {F6607A9E-3E27-44CF-8B30-804B900F6D03}
		{46F8E34B-3413-4AC3-B7C3-48829B3BD063} = {CDE3C8C7-28E6-4F1F-AB85-63DB1A4022E5}
		{7C561DB6-0FC7-472F-B059-114DF6DA898C} = {46F8E34B-3413-4AC3-B7C3-48829B3BD063}
		{1A641B10-1167-4B18-8B3F-8693AC79C964} = {46F8E34B-3413-4AC3-B7C3-48829B3BD063}
		{AF70BF04-1A5A-4CB3-B3D6-80E70CB2CA6A} = {46F8E34B-3413-4AC3-B7C3-48829B3BD063}
		{05985B75-36FC-4459-B8F9-AA754CE61AC1} = {CDE3C8C7-28E6-4F1F-AB85-63DB1A4022E5}
		{24904232-1E16-46C9-97CE-371F97F95519} = {05985B75-36FC-4459-B8F9-AA754CE61AC1}
		{EA67670D-6170-422D-AD43-D11F1A0C2AB3} = {05985B75-36FC-4459-B8F9-AA754CE61AC1}
		{A236EC4D-E150-4A54-BB20-A0BE8069061A} = {05985B75-36FC-4459-B8F9-AA754CE61AC1}
		{9001BC6E-20AD-4A65-9317-7A3ADBE192A5} = {CDE3C8C7-28E6-4F1F-AB85-63DB1A4022E5}
		{A19EFE68-F1F2-4DBF-A267-B14144CA86A0} = {9001BC6E-20AD-4A65-9317-7A3ADBE192A5}
		{CA6B29E2-C829-42D7-AB4C-B42F2801104D} = {9001BC6E-20AD-4A65-9317-7A3ADBE192A5}
		{C13A7FC9-0B10-4989-996C-5E98355AAF56} = {9001BC6E-20AD-4A65-9317-7A3ADBE192A5}
		{E1632D77-8FF3-46AC-B57F-DB472B2F3D4F} = {CDE3C8C7-28E6-4F1F-AB85-63DB1A4022E5}
		{123D7E98-3485-4113-B43D-9B6FF4797FDA} = {E1632D77-8FF3-46AC-B57F-DB472B2F3D4F}
		{75241BB5-36FA-420E-BC58-5E90BEA2F321} = {CDE3C8C7-28E6-4F1F-AB85-63DB1A4022E5}
		{863DC3F5-45FD-4FF3-997D-33DCEDF15178} = {75241BB5-36FA-420E-BC58-5E90BEA2F321}
	EndGlobalSection
	GlobalSection(ExtensibilityGlobals) = postSolution
		SolutionGuid = {FE9CA7D0-CF80-4B79-9E66-757F6F4563F9}
	EndGlobalSection
EndGlobal
